
Microsoft Visual Studio Solution File, Format Version 12.00
# Visual Studio Version 17
VisualStudioVersion = 17.14.36603.0 d17.14
MinimumVisualStudioVersion = 10.0.40219.1
Project("{FAE04EC0-301F-11D3-BF4B-00C04F79EFBC}") = "SnakeAndLadder", "SnakeAndLadder\SnakeAndLadder.csproj", "{8F385A0A-E09B-4352-AFA1-C3EDBA60AC4A}"
EndProject
Global
	GlobalSection(SolutionConfigurationPlatforms) = preSolution
		Debug|Any CPU = Debug|Any CPU
		Release|Any CPU = Release|Any CPU
	EndGlobalSection
	GlobalSection(ProjectConfigurationPlatforms) = postSolution
		{8F385A0A-E09B-4352-AFA1-C3EDBA60AC4A}.Debug|Any CPU.ActiveCfg = Debug|Any CPU
		{8F385A0A-E09B-4352-AFA1-C3EDBA60AC4A}.Debug|Any CPU.Build.0 = Debug|Any CPU
		{8F385A0A-E09B-4352-AFA1-C3EDBA60AC4A}.Release|Any CPU.ActiveCfg = Release|Any CPU
		{8F385A0A-E09B-4352-AFA1-C3EDBA60AC4A}.Release|Any CPU.Build.0 = Release|Any CPU
	EndGlobalSection
	GlobalSection(SolutionProperties) = preSolution
		HideSolutionNode = FALSE
	EndGlobalSection
	GlobalSection(ExtensibilityGlobals) = postSolution
		SolutionGuid = {794B9FF5-0BE0-4830-A899-00E6B1193FFF}
	EndGlobalSection
EndGlobal
